Microsoft Visual Studio Solution File, Format Version 11.00
# Visual Studio 2008

Project("{269E19A4-7796-35CD-CDFF-ADD27ABCFBF4}") = "Terrain Tutorial", "Assembly-CSharp-firstpass.csproj", "{D2DF38FB-39D6-C50F-49B5-B7602851D13B}"
EndProject
Project("{269E19A4-7796-35CD-CDFF-ADD27ABCFBF4}") = "Terrain Tutorial", "Assembly-CSharp.csproj", "{BEF7F791-9630-88D3-BA2A-BE6AC19F0B6F}"
EndProject
Project("{269E19A4-7796-35CD-CDFF-ADD27ABCFBF4}") = "Terrain Tutorial", "Assembly-UnityScript-firstpass.unityproj", "{61C4A44C-975A-E3A1-D948-4023C79DB733}"
EndProject
Global
	GlobalSection(SolutionConfigurationPlatforms) = preSolution
		Debug|Any CPU = Debug|Any CPU
		Release|Any CPU = Release|Any CPU
	EndGlobalSection
	GlobalSection(ProjectConfigurationPlatforms) = postSolution
		{D2DF38FB-39D6-C50F-49B5-B7602851D13B}.Debug|Any CPU.ActiveCfg = Debug|Any CPU
		{D2DF38FB-39D6-C50F-49B5-B7602851D13B}.Debug|Any CPU.Build.0 = Debug|Any CPU
		{D2DF38FB-39D6-C50F-49B5-B7602851D13B}.Release|Any CPU.ActiveCfg = Release|Any CPU
		{D2DF38FB-39D6-C50F-49B5-B7602851D13B}.Release|Any CPU.Build.0 = Release|Any CPU
		{BEF7F791-9630-88D3-BA2A-BE6AC19F0B6F}.Debug|Any CPU.ActiveCfg = Debug|Any CPU
		{BEF7F791-9630-88D3-BA2A-BE6AC19F0B6F}.Debug|Any CPU.Build.0 = Debug|Any CPU
		{BEF7F791-9630-88D3-BA2A-BE6AC19F0B6F}.Release|Any CPU.ActiveCfg = Release|Any CPU
		{BEF7F791-9630-88D3-BA2A-BE6AC19F0B6F}.Release|Any CPU.Build.0 = Release|Any CPU
		{61C4A44C-975A-E3A1-D948-4023C79DB733}.Debug|Any CPU.ActiveCfg = Debug|Any CPU
		{61C4A44C-975A-E3A1-D948-4023C79DB733}.Debug|Any CPU.Build.0 = Debug|Any CPU
		{61C4A44C-975A-E3A1-D948-4023C79DB733}.Release|Any CPU.ActiveCfg = Release|Any CPU
		{61C4A44C-975A-E3A1-D948-4023C79DB733}.Release|Any CPU.Build.0 = Release|Any CPU
	EndGlobalSection
	GlobalSection(SolutionProperties) = preSolution
		HideSolutionNode = FALSE
	EndGlobalSection
															GlobalSection(MonoDevelopProperties) = preSolution
		StartupItem = Assembly-CSharp.csproj
		Policies = $0
		$0.TextStylePolicy = $1
		$1.inheritsSet = null
		$1.scope = text/x-csharp
		$0.CSharpFormattingPolicy = $2
		$2.inheritsSet = Mono
		$2.inheritsScope = text/x-csharp
		$2.scope = text/x-csharp
		$0.TextStylePolicy = $3
		$3.FileWidth = 120
		$3.TabWidth = 4
		$3.EolMarker = Unix
		$3.inheritsSet = Mono
		$3.inheritsScope = text/plain
		$3.scope = text/plain
	EndGlobalSection

EndGlobal
